// !$*UTF8*$!
{
	archiveVersion = 1;
	classes = {
	};
	objectVersion = 46;
	objects = {

/* Begin PBXBuildFile section */
		652BAA631917AA0C00D1867A /* Foundation.framework in Frameworks */ = {isa = PBXBuildFile; fileRef = 652BAA621917AA0C00D1867A /* Foundation.framework */; };
		652BAA651917AA0C00D1867A /* CoreGraphics.framework in Frameworks */ = {isa = PBXBuildFile; fileRef = 652BAA641917AA0C00D1867A /* CoreGraphics.framework */; };
		652BAA671917AA0C00D1867A /* UIKit.framework in Frameworks */ = {isa = PBXBuildFile; fileRef = 652BAA661917AA0C00D1867A /* UIKit.framework */; };
		652BAA6D1917AA0C00D1867A /* InfoPlist.strings in Resources */ = {isa = PBXBuildFile; fileRef = 652BAA6B1917AA0C00D1867A /* InfoPlist.strings */; };
		652BAA6F1917AA0C00D1867A /* main.m in Sources */ = {isa = PBXBuildFile; fileRef = 652BAA6E1917AA0C00D1867A /* main.m */; };
		652BAA731917AA0C00D1867A /* PSBAppDelegate.m in Sources */ = {isa = PBXBuildFile; fileRef = 652BAA721917AA0C00D1867A /* PSBAppDelegate.m */; };
		652BAA761917AA0C00D1867A /* Main.storyboard in Resources */ = {isa = PBXBuildFile; fileRef = 652BAA741917AA0C00D1867A /* Main.storyboard */; };
		652BAA791917AA0C00D1867A /* PSBViewController.m in Sources */ = {isa = PBXBuildFile; fileRef = 652BAA781917AA0C00D1867A /* PSBViewController.m */; };
		652BAA7B1917AA0C00D1867A /* Images.xcassets in Resources */ = {isa = PBXBuildFile; fileRef = 652BAA7A1917AA0C00D1867A /* Images.xcassets */; };
		652BAA821917AA0C00D1867A /* XCTest.framework in Frameworks */ = {isa = PBXBuildFile; fileRef = 652BAA811917AA0C00D1867A /* XCTest.framework */; };
		652BAA831917AA0C00D1867A /* Foundation.framework in Frameworks */ = {isa = PBXBuildFile; fileRef = 652BAA621917AA0C00D1867A /* Foundation.framework */; };
		652BAA841917AA0C00D1867A /* UIKit.framework in Frameworks */ = {isa = PBXBuildFile; fileRef = 652BAA661917AA0C00D1867A /* UIKit.framework */; };
		652BAA8C1917AA0C00D1867A /* InfoPlist.strings in Resources */ = {isa = PBXBuildFile; fileRef = 652BAA8A1917AA0C00D1867A /* InfoPlist.strings */; };
		652BAA8E1917AA0C00D1867A /* PageScrollingBugTests.m in Sources */ = {isa = PBXBuildFile; fileRef = 652BAA8D1917AA0C00D1867A /* PageScrollingBugTests.m */; };
/* End PBXBuildFile section */

/* Begin PBXContainerItemProxy section */
		652BAA851917AA0C00D1867A /* PBXContainerItemProxy */ = {
			isa = PBXContainerItemProxy;
			containerPortal = 652BAA571917AA0C00D1867A /* Project object */;
			proxyType = 1;
			remoteGlobalIDString = 652BAA5E1917AA0C00D1867A;
			remoteInfo = PageScrollingBug;
		};
/* End PBXContainerItemProxy section */

/* Begin PBXFileReference section */
		652BAA5F1917AA0C00D1867A /* PageScrollingBug.app */ = {isa = PBXFileReference; explicitFileType = wrapper.application; includeInIndex = 0; path = PageScrollingBug.app; sourceTree = BUILT_PRODUCTS_DIR; };
		652BAA621917AA0C00D1867A /* Foundation.framework */ = {isa = PBXFileReference; lastKnownFileType = wrapper.framework; name = Foundation.framework; path = System/Library/Frameworks/Foundation.framework; sourceTree = SDKROOT; };
		652BAA641917AA0C00D1867A /* CoreGraphics.framework */ = {isa = PBXFileReference; lastKnownFileType = wrapper.framework; name = CoreGraphics.framework; path = System/Library/Frameworks/CoreGraphics.framework; sourceTree = SDKROOT; };
		652BAA661917AA0C00D1867A /* UIKit.framework */ = {isa = PBXFileReference; lastKnownFileType = wrapper.framework; name = UIKit.framework; path = System/Library/Frameworks/UIKit.framework; sourceTree = SDKROOT; };
		652BAA6A1917AA0C00D1867A /* PageScrollingBug-Info.plist */ = {isa = PBXFileReference; lastKnownFileType = text.plist.xml; path = "PageScrollingBug-Info.plist"; sourceTree = "<group>"; };
		652BAA6C1917AA0C00D1867A /* en */ = {isa = PBXFileReference; lastKnownFileType = text.plist.strings; name = en; path = en.lproj/InfoPlist.strings; sourceTree = "<group>"; };
		652BAA6E1917AA0C00D1867A /* main.m */ = {isa = PBXFileReference; lastKnownFileType = sourcecode.c.objc; path = main.m; sourceTree = "<group>"; };
		652BAA701917AA0C00D1867A /* PageScrollingBug-Prefix.pch */ = {isa = PBXFileReference; lastKnownFileType = sourcecode.c.h; path = "PageScrollingBug-Prefix.pch"; sourceTree = "<group>"; };
		652BAA711917AA0C00D1867A /* PSBAppDelegate.h */ = {isa = PBXFileReference; lastKnownFileType = sourcecode.c.h; path = PSBAppDelegate.h; sourceTree = "<group>"; };
		652BAA721917AA0C00D1867A /* PSBAppDelegate.m */ = {isa = PBXFileReference; lastKnownFileType = sourcecode.c.objc; path = PSBAppDelegate.m; sourceTree = "<group>"; };
		652BAA751917AA0C00D1867A /* Base */ = {isa = PBXFileReference; lastKnownFileType = file.storyboard; name = Base; path = Base.lproj/Main.storyboard; sourceTree = "<group>"; };
		652BAA771917AA0C00D1867A /* PSBViewController.h */ = {isa = PBXFileReference; lastKnownFileType = sourcecode.c.h; path = PSBViewController.h; sourceTree = "<group>"; };
		652BAA781917AA0C00D1867A /* PSBViewController.m */ = {isa = PBXFileReference; lastKnownFileType = sourcecode.c.objc; path = PSBViewController.m; sourceTree = "<group>"; };
		652BAA7A1917AA0C00D1867A /* Images.xcassets */ = {isa = PBXFileReference; lastKnownFileType = folder.assetcatalog; path = Images.xcassets; sourceTree = "<group>"; };
		652BAA801917AA0C00D1867A /* PageScrollingBugTests.xctest */ = {isa = PBXFileReference; explicitFileType = wrapper.cfbundle; includeInIndex = 0; path = PageScrollingBugTests.xctest; sourceTree = BUILT_PRODUCTS_DIR; };
		652BAA811917AA0C00D1867A /* XCTest.framework */ = {isa = PBXFileReference; lastKnownFileType = wrapper.framework; name = XCTest.framework; path = Library/Frameworks/XCTest.framework; sourceTree = DEVELOPER_DIR; };
		652BAA891917AA0C00D1867A /* PageScrollingBugTests-Info.plist */ = {isa = PBXFileReference; lastKnownFileType = text.plist.xml; path = "PageScrollingBugTests-Info.plist"; sourceTree = "<group>"; };
		652BAA8B1917AA0C00D1867A /* en */ = {isa = PBXFileReference; lastKnownFileType = text.plist.strings; name = en; path = en.lproj/InfoPlist.strings; sourceTree = "<group>"; };
		652BAA8D1917AA0C00D1867A /* PageScrollingBugTests.m */ = {isa = PBXFileReference; lastKnownFileType = sourcecode.c.objc; path = PageScrollingBugTests.m; sourceTree = "<group>"; };
/* End PBXFileReference section */

/* Begin PBXFrameworksBuildPhase section */
		652BAA5C1917AA0C00D1867A /* Frameworks */ = {
			isa = PBXFrameworksBuildPhase;
			buildActionMask = 2147483647;
			files = (
				652BAA651917AA0C00D1867A /* CoreGraphics.framework in Frameworks */,
				652BAA671917AA0C00D1867A /* UIKit.framework in Frameworks */,
				652BAA631917AA0C00D1867A /* Foundation.framework in Frameworks */,
			);
			runOnlyForDeploymentPostprocessing = 0;
		};
		652BAA7D1917AA0C00D1867A /* Frameworks */ = {
			isa = PBXFrameworksBuildPhase;
			buildActionMask = 2147483647;
			files = (
				652BAA821917AA0C00D1867A /* XCTest.framework in Frameworks */,
				652BAA841917AA0C00D1867A /* UIKit.framework in Frameworks */,
				652BAA831917AA0C00D1867A /* Foundation.framework in Frameworks */,
			);
			runOnlyForDeploymentPostprocessing = 0;
		};
/* End PBXFrameworksBuildPhase section */

/* Begin PBXGroup section */
		652BAA561917AA0C00D1867A = {
			isa = PBXGroup;
			children = (
				652BAA681917AA0C00D1867A /* PageScrollingBug */,
				652BAA871917AA0C00D1867A /* PageScrollingBugTests */,
				652BAA611917AA0C00D1867A /* Frameworks */,
				652BAA601917AA0C00D1867A /* Products */,
			);
			sourceTree = "<group>";
		};
		652BAA601917AA0C00D1867A /* Products */ = {
			isa = PBXGroup;
			children = (
				652BAA5F1917AA0C00D1867A /* PageScrollingBug.app */,
				652BAA801917AA0C00D1867A /* PageScrollingBugTests.xctest */,
			);
			name = Products;
			sourceTree = "<group>";
		};
		652BAA611917AA0C00D1867A /* Frameworks */ = {
			isa = PBXGroup;
			children = (
				652BAA621917AA0C00D1867A /* Foundation.framework */,
				652BAA641917AA0C00D1867A /* CoreGraphics.framework */,
				652BAA661917AA0C00D1867A /* UIKit.framework */,
				652BAA811917AA0C00D1867A /* XCTest.framework */,
			);
			name = Frameworks;
			sourceTree = "<group>";
		};
		652BAA681917AA0C00D1867A /* PageScrollingBug */ = {
			isa = PBXGroup;
			children = (
				652BAA711917AA0C00D1867A /* PSBAppDelegate.h */,
				652BAA721917AA0C00D1867A /* PSBAppDelegate.m */,
				652BAA741917AA0C00D1867A /* Main.storyboard */,
				652BAA771917AA0C00D1867A /* PSBViewController.h */,
				652BAA781917AA0C00D1867A /* PSBViewController.m */,
				652BAA7A1917AA0C00D1867A /* Images.xcassets */,
				652BAA691917AA0C00D1867A /* Supporting Files */,
			);
			path = PageScrollingBug;
			sourceTree = "<group>";
		};
		652BAA691917AA0C00D1867A /* Supporting Files */ = {
			isa = PBXGroup;
			children = (
				652BAA6A1917AA0C00D1867A /* PageScrollingBug-Info.plist */,
				652BAA6B1917AA0C00D1867A /* InfoPlist.strings */,
				652BAA6E1917AA0C00D1867A /* main.m */,
				652BAA701917AA0C00D1867A /* PageScrollingBug-Prefix.pch */,
			);
			name = "Supporting Files";
			sourceTree = "<group>";
		};
		652BAA871917AA0C00D1867A /* PageScrollingBugTests */ = {
			isa = PBXGroup;
			children = (
				652BAA8D1917AA0C00D1867A /* PageScrollingBugTests.m */,
				652BAA881917AA0C00D1867A /* Supporting Files */,
			);
			path = PageScrollingBugTests;
			sourceTree = "<group>";
		};
		652BAA881917AA0C00D1867A /* Supporting Files */ = {
			isa = PBXGroup;
			children = (
				652BAA891917AA0C00D1867A /* PageScrollingBugTests-Info.plist */,
				652BAA8A1917AA0C00D1867A /* InfoPlist.strings */,
			);
			name = "Supporting Files";
			sourceTree = "<group>";
		};
/* End PBXGroup section */

/* Begin PBXNativeTarget section */
		652BAA5E1917AA0C00D1867A /* PageScrollingBug */ = {
			isa = PBXNativeTarget;
			buildConfigurationList = 652BAA911917AA0C00D1867A /* Build configuration list for PBXNativeTarget "PageScrollingBug" */;
			buildPhases = (
				652BAA5B1917AA0C00D1867A /* Sources */,
				652BAA5C1917AA0C00D1867A /* Frameworks */,
				652BAA5D1917AA0C00D1867A /* Resources */,
			);
			buildRules = (
			);
			dependencies = (
			);
			name = PageScrollingBug;
			productName = PageScrollingBug;
			productReference = 652BAA5F1917AA0C00D1867A /* PageScrollingBug.app */;
			productType = "com.apple.product-type.application";
		};
		652BAA7F1917AA0C00D1867A /* PageScrollingBugTests */ = {
			isa = PBXNativeTarget;
			buildConfigurationList = 652BAA941917AA0C00D1867A /* Build configuration list for PBXNativeTarget "PageScrollingBugTests" */;
			buildPhases = (
				652BAA7C1917AA0C00D1867A /* Sources */,
				652BAA7D1917AA0C00D1867A /* Frameworks */,
				652BAA7E1917AA0C00D1867A /* Resources */,
			);
			buildRules = (
			);
			dependencies = (
				652BAA861917AA0C00D1867A /* PBXTargetDependency */,
			);
			name = PageScrollingBugTests;
			productName = PageScrollingBugTests;
			productReference = 652BAA801917AA0C00D1867A /* PageScrollingBugTests.xctest */;
			productType = "com.apple.product-type.bundle.unit-test";
		};
/* End PBXNativeTarget section */

/* Begin PBXProject section */
		652BAA571917AA0C00D1867A /* Project object */ = {
			isa = PBXProject;
			attributes = {
				CLASSPREFIX = PSB;
				LastUpgradeCheck = 0510;
				ORGANIZATIONNAME = Arat;
				TargetAttributes = {
					652BAA7F1917AA0C00D1867A = {
						TestTargetID = 652BAA5E1917AA0C00D1867A;
					};
				};
			};
			buildConfigurationList = 652BAA5A1917AA0C00D1867A /* Build configuration list for PBXProject "PageScrollingBug" */;
			compatibilityVersion = "Xcode 3.2";
			developmentRegion = English;
			hasScannedForEncodings = 0;
			knownRegions = (
				en,
				Base,
			);
			mainGroup = 652BAA561917AA0C00D1867A;
			productRefGroup = 652BAA601917AA0C00D1867A /* Products */;
			projectDirPath = "";
			projectRoot = "";
			targets = (
				652BAA5E1917AA0C00D1867A /* PageScrollingBug */,
				652BAA7F1917AA0C00D1867A /* PageScrollingBugTests */,
			);
		};
/* End PBXProject section */

/* Begin PBXResourcesBuildPhase section */
		652BAA5D1917AA0C00D1867A /* Resources */ = {
			isa = PBXResourcesBuildPhase;
			buildActionMask = 2147483647;
			files = (
				652BAA7B1917AA0C00D1867A /* Images.xcassets in Resources */,
				652BAA6D1917AA0C00D1867A /* InfoPlist.strings in Resources */,
				652BAA761917AA0C00D1867A /* Main.storyboard in Resources */,
			);
			runOnlyForDeploymentPostprocessing = 0;
		};
		652BAA7E1917AA0C00D1867A /* Resources */ = {
			isa = PBXResourcesBuildPhase;
			buildActionMask = 2147483647;
			files = (
				652BAA8C1917AA0C00D1867A /* InfoPlist.strings in Resources */,
			);
			runOnlyForDeploymentPostprocessing = 0;
		};
/* End PBXResourcesBuildPhase section */

/* Begin PBXSourcesBuildPhase section */
		652BAA5B1917AA0C00D1867A /* Sources */ = {
			isa = PBXSourcesBuildPhase;
			buildActionMask = 2147483647;
			files = (
				652BAA731917AA0C00D1867A /* PSBAppDelegate.m in Sources */,
				652BAA6F1917AA0C00D1867A /* main.m in Sources */,
				652BAA791917AA0C00D1867A /* PSBViewController.m in Sources */,
			);
			runOnlyForDeploymentPostprocessing = 0;
		};
		652BAA7C1917AA0C00D1867A /* Sources */ = {
			isa = PBXSourcesBuildPhase;
			buildActionMask = 2147483647;
			files = (
				652BAA8E1917AA0C00D1867A /* PageScrollingBugTests.m in Sources */,
			);
			runOnlyForDeploymentPostprocessing = 0;
		};
/* End PBXSourcesBuildPhase section */

/* Begin PBXTargetDependency section */
		652BAA861917AA0C00D1867A /* PBXTargetDependency */ = {
			isa = PBXTargetDependency;
			target = 652BAA5E1917AA0C00D1867A /* PageScrollingBug */;
			targetProxy = 652BAA851917AA0C00D1867A /* PBXContainerItemProxy */;
		};
/* End PBXTargetDependency section */

/* Begin PBXVariantGroup section */
		652BAA6B1917AA0C00D1867A /* InfoPlist.strings */ = {
			isa = PBXVariantGroup;
			children = (
				652BAA6C1917AA0C00D1867A /* en */,
			);
			name = InfoPlist.strings;
			sourceTree = "<group>";
		};
		652BAA741917AA0C00D1867A /* Main.storyboard */ = {
			isa = PBXVariantGroup;
			children = (
				652BAA751917AA0C00D1867A /* Base */,
			);
			name = Main.storyboard;
			sourceTree = "<group>";
		};
		652BAA8A1917AA0C00D1867A /* InfoPlist.strings */ = {
			isa = PBXVariantGroup;
			children = (
				652BAA8B1917AA0C00D1867A /* en */,
			);
			name = InfoPlist.strings;
			sourceTree = "<group>";
		};
/* End PBXVariantGroup section */

/* Begin XCBuildConfiguration section */
		652BAA8F1917AA0C00D1867A /* Debug */ = {
			isa = XCBuildConfiguration;
			buildSettings = {
				ALWAYS_SEARCH_USER_PATHS = NO;
				CLANG_CXX_LANGUAGE_STANDARD = "gnu++0x";
				CLANG_CXX_LIBRARY = "libc++";
				CLANG_ENABLE_MODULES = YES;
				CLANG_ENABLE_OBJC_ARC = YES;
				CLANG_WARN_BOOL_CONVERSION = YES;
				CLANG_WARN_CONSTANT_CONVERSION = YES;
				CLANG_WARN_DIRECT_OBJC_ISA_USAGE = YES_ERROR;
				CLANG_WARN_EMPTY_BODY = YES;
				CLANG_WARN_ENUM_CONVERSION = YES;
				CLANG_WARN_INT_CONVERSION = YES;
				CLANG_WARN_OBJC_ROOT_CLASS = YES_ERROR;
				CLANG_WARN__DUPLICATE_METHOD_MATCH = YES;
				"CODE_SIGN_IDENTITY[sdk=iphoneos*]" = "iPhone Developer";
				COPY_PHASE_STRIP = NO;
				GCC_C_LANGUAGE_STANDARD = gnu99;
				GCC_DYNAMIC_NO_PIC = NO;
				GCC_OPTIMIZATION_LEVEL = 0;
				GCC_PREPROCESSOR_DEFINITIONS = (
					"DEBUG=1",
					"$(inherited)",
				);
				GCC_SYMBOLS_PRIVATE_EXTERN = NO;
				GCC_WARN_64_TO_32_BIT_CONVERSION = YES;
				GCC_WARN_ABOUT_RETURN_TYPE = YES_ERROR;
				GCC_WARN_UNDECLARED_SELECTOR = YES;
				GCC_WARN_UNINITIALIZED_AUTOS = YES_AGGRESSIVE;
				GCC_WARN_UNUSED_FUNCTION = YES;
				GCC_WARN_UNUSED_VARIABLE = YES;
				IPHONEOS_DEPLOYMENT_TARGET = 7.1;
				ONLY_ACTIVE_ARCH = YES;
				SDKROOT = iphoneos;
			};
			name = Debug;
		};
		652BAA901917AA0C00D1867A /* Release */ = {
			isa = XCBuildConfiguration;
			buildSettings = {
				ALWAYS_SEARCH_USER_PATHS = NO;
				CLANG_CXX_LANGUAGE_STANDARD = "gnu++0x";
				CLANG_CXX_LIBRARY = "libc++";
				CLANG_ENABLE_MODULES = YES;
				CLANG_ENABLE_OBJC_ARC = YES;
				CLANG_WARN_BOOL_CONVERSION = YES;
				CLANG_WARN_CONSTANT_CONVERSION = YES;
				CLANG_WARN_DIRECT_OBJC_ISA_USAGE = YES_ERROR;
				CLANG_WARN_EMPTY_BODY = YES;
				CLANG_WARN_ENUM_CONVERSION = YES;
				CLANG_WARN_INT_CONVERSION = YES;
				CLANG_WARN_OBJC_ROOT_CLASS = YES_ERROR;
				CLANG_WARN__DUPLICATE_METHOD_MATCH = YES;
				"CODE_SIGN_IDENTITY[sdk=iphoneos*]" = "iPhone Developer";
				COPY_PHASE_STRIP = YES;
				ENABLE_NS_ASSERTIONS = NO;
				GCC_C_LANGUAGE_STANDARD = gnu99;
				GCC_WARN_64_TO_32_BIT_CONVERSION = YES;
				GCC_WARN_ABOUT_RETURN_TYPE = YES_ERROR;
				GCC_WARN_UNDECLARED_SELECTOR = YES;
				GCC_WARN_UNINITIALIZED_AUTOS = YES_AGGRESSIVE;
				GCC_WARN_UNUSED_FUNCTION = YES;
				GCC_WARN_UNUSED_VARIABLE = YES;
				IPHONEOS_DEPLOYMENT_TARGET = 7.1;
				SDKROOT = iphoneos;
				VALIDATE_PRODUCT = YES;
			};
			name = Release;
		};
		652BAA921917AA0C00D1867A /* Debug */ = {
			isa = XCBuildConfiguration;
			buildSettings = {
				ASSETCATALOG_COMPILER_APPICON_NAME = AppIcon;
				ASSETCATALOG_COMPILER_LAUNCHIMAGE_NAME = LaunchImage;
				GCC_PRECOMPILE_PREFIX_HEADER = YES;
				GCC_PREFIX_HEADER = "PageScrollingBug/PageScrollingBug-Prefix.pch";
				INFOPLIST_FILE = "PageScrollingBug/PageScrollingBug-Info.plist";
				PRODUCT_NAME = "$(TARGET_NAME)";
				WRAPPER_EXTENSION = app;
			};
			name = Debug;
		};
		652BAA931917AA0C00D1867A /* Release */ = {
			isa = XCBuildConfiguration;
			buildSettings = {
				ASSETCATALOG_COMPILER_APPICON_NAME = AppIcon;
				ASSETCATALOG_COMPILER_LAUNCHIMAGE_NAME = LaunchImage;
				GCC_PRECOMPILE_PREFIX_HEADER = YES;
				GCC_PREFIX_HEADER = "PageScrollingBug/PageScrollingBug-Prefix.pch";
				INFOPLIST_FILE = "PageScrollingBug/PageScrollingBug-Info.plist";
				PRODUCT_NAME = "$(TARGET_NAME)";
				WRAPPER_EXTENSION = app;
			};
			name = Release;
		};
		652BAA951917AA0C00D1867A /* Debug */ = {
			isa = XCBuildConfiguration;
			buildSettings = {
				BUNDLE_LOADER = "$(BUILT_PRODUCTS_DIR)/PageScrollingBug.app/PageScrollingBug";
				FRAMEWORK_SEARCH_PATHS = (
					"$(SDKROOT)/Developer/Library/Frameworks",
					"$(inherited)",
					"$(DEVELOPER_FRAMEWORKS_DIR)",
				);
				GCC_PRECOMPILE_PREFIX_HEADER = YES;
				GCC_PREFIX_HEADER = "PageScrollingBug/PageScrollingBug-Prefix.pch";
				GCC_PREPROCESSOR_DEFINITIONS = (
					"DEBUG=1",
					"$(inherited)",
				);
				INFOPLIST_FILE = "PageScrollingBugTests/PageScrollingBugTests-Info.plist";
				PRODUCT_NAME = "$(TARGET_NAME)";
				TEST_HOST = "$(BUNDLE_LOADER)";
				WRAPPER_EXTENSION = xctest;
			};
			name = Debug;
		};
		652BAA961917AA0C00D1867A /* Release */ = {
			isa = XCBuildConfiguration;
			buildSettings = {
				BUNDLE_LOADER = "$(BUILT_PRODUCTS_DIR)/PageScrollingBug.app/PageScrollingBug";
				FRAMEWORK_SEARCH_PATHS = (
					"$(SDKROOT)/Developer/Library/Frameworks",
					"$(inherited)",
					"$(DEVELOPER_FRAMEWORKS_DIR)",
				);
				GCC_PRECOMPILE_PREFIX_HEADER = YES;
				GCC_PREFIX_HEADER = "PageScrollingBug/PageScrollingBug-Prefix.pch";
				INFOPLIST_FILE = "PageScrollingBugTests/PageScrollingBugTests-Info.plist";
				PRODUCT_NAME = "$(TARGET_NAME)";
				TEST_HOST = "$(BUNDLE_LOADER)";
				WRAPPER_EXTENSION = xctest;
			};
			name = Release;
		};
/* End XCBuildConfiguration section */

/* Begin XCConfigurationList section */
		652BAA5A1917AA0C00D1867A /* Build configuration list for PBXProject "PageScrollingBug" */ = {
			isa = XCConfigurationList;
			buildConfigurations = (
				652BAA8F1917AA0C00D1867A /* Debug */,
				652BAA901917AA0C00D1867A /* Release */,
			);
			defaultConfigurationIsVisible = 0;
			defaultConfigurationName = Release;
		};
		652BAA911917AA0C00D1867A /* Build configuration list for PBXNativeTarget "PageScrollingBug" */ = {
			isa = XCConfigurationList;
			buildConfigurations = (
				652BAA921917AA0C00D1867A /* Debug */,
				652BAA931917AA0C00D1867A /* Release */,
			);
			defaultConfigurationIsVisible = 0;
		};
		652BAA941917AA0C00D1867A /* Build configuration list for PBXNativeTarget "PageScrollingBugTests" */ = {
			isa = XCConfigurationList;
			buildConfigurations = (
				652BAA951917AA0C00D1867A /* Debug */,
				652BAA961917AA0C00D1867A /* Release */,
			);
			defaultConfigurationIsVisible = 0;
		};
/* End XCConfigurationList section */
	};
	rootObject = 652BAA571917AA0C00D1867A /* Project object */;
}
